# @generated - this file is auto-generated by `mise lock` https://mise.en.dev/dev-tools/mise-lock.html

[[tools.cargo-binstall]]
version = "1.23.0"
backend = "aqua:cargo-bins/cargo-binstall"

[tools.cargo-binstall."platforms.linux-arm64"]
checksum = "sha256:c458cfe9534d1958f159fc17b5f50e839297b4ee752b23ffdd80c5e15a734c42"
url = "https://github.com/cargo-bins/cargo-binstall/releases/download/v1.23.0/cargo-binstall-aarch64-unknown-linux-gnu.tgz"
url_api = "https://api.github.com/repos/cargo-bins/cargo-binstall/releases/assets/546062641"
provenance = "github-attestations"

[tools.cargo-binstall."platforms.linux-arm64-musl"]
checksum = "sha256:ba9b7bf426c7b7375825cd3fa367c3f8a632ca7c6c546fdcb738114b167f4103"
url = "https://github.com/cargo-bins/cargo-binstall/releases/download/v1.23.0/cargo-binstall-aarch64-unknown-linux-musl.tgz"
url_api = "https://api.github.com/repos/cargo-bins/cargo-binstall/releases/assets/546062597"
provenance = "github-attestations"

[tools.cargo-binstall."platforms.linux-x64"]
checksum = "sha256:cdada45ad6bb501185ab309f5eef3f628b6bc44460746565cb3e0c7538815bf3"
url = "https://github.com/cargo-bins/cargo-binstall/releases/download/v1.23.0/cargo-binstall-x86_64-unknown-linux-gnu.tgz"
url_api = "https://api.github.com/repos/cargo-bins/cargo-binstall/releases/assets/546062151"
provenance = "github-attestations"

[tools.cargo-binstall."platforms.linux-x64-musl"]
checksum = "sha256:64bf954c68bb558431deeabecaec7687edd5541c2189ee263bb8bc18bc4fdf55"
url = "https://github.com/cargo-bins/cargo-binstall/releases/download/v1.23.0/cargo-binstall-x86_64-unknown-linux-musl.tgz"
url_api = "https://api.github.com/repos/cargo-bins/cargo-binstall/releases/assets/546062088"
provenance = "github-attestations"

[tools.cargo-binstall."platforms.macos-arm64"]
checksum = "sha256:0f679c0bc992c6b84fdcbb0f65492588447d26596ef387cb6cb1ba41ad8ceb33"
url = "https://github.com/cargo-bins/cargo-binstall/releases/download/v1.23.0/cargo-binstall-aarch64-apple-darwin.zip"
url_api = "https://api.github.com/repos/cargo-bins/cargo-binstall/releases/assets/546062768"
provenance = "github-attestations"

[tools.cargo-binstall."platforms.windows-x64"]
checksum = "sha256:f4641479477aca40387e88297e3813fab8e44a8d21f25faa44e0ff33e2bc1726"
url = "https://github.com/cargo-bins/cargo-binstall/releases/download/v1.23.0/cargo-binstall-x86_64-pc-windows-msvc.zip"
url_api = "https://api.github.com/repos/cargo-bins/cargo-binstall/releases/assets/546062212"
provenance = "github-attestations"

[[tools."cargo:cargo-msrv"]]
version = "0.19.3"
backend = "cargo:cargo-msrv"

[[tools.communique]]
version = "1.4.0"
backend = "github:jdx/communique"

[tools.communique."platforms.linux-arm64"]
checksum = "sha256:79b72e62c5e9555bd22d49fed628b13e25f7a95f828707d3a243b975d90a5ecb"
url = "https://github.com/jdx/communique/releases/download/v1.4.0/communique-aarch64-unknown-linux-gnu.tar.gz"
url_api = "https://api.github.com/repos/jdx/communique/releases/assets/558081705"
provenance = "github-attestations"
signer = "sigstore-oidc:https://github.com/jdx/communique/.github/workflows/release.yml"

[tools.communique."platforms.linux-arm64-musl"]
checksum = "sha256:8a64929c178b65fced8c800450d0c1bb60f1851b66c0b1022fdc51b6098f09d5"
url = "https://github.com/jdx/communique/releases/download/v1.4.0/communique-aarch64-unknown-linux-musl.tar.gz"
url_api = "https://api.github.com/repos/jdx/communique/releases/assets/558081250"
provenance = "github-attestations"
signer = "sigstore-oidc:https://github.com/jdx/communique/.github/workflows/release.yml"

[tools.communique."platforms.linux-x64"]
checksum = "sha256:c14a432005f9e06b7dffb998080fdfe920fb343ee6766db1d57b8f0ff067a3b7"
url = "https://github.com/jdx/communique/releases/download/v1.4.0/communique-x86_64-unknown-linux-gnu.tar.gz"
url_api = "https://api.github.com/repos/jdx/communique/releases/assets/558081120"
provenance = "github-attestations"
signer = "sigstore-oidc:https://github.com/jdx/communique/.github/workflows/release.yml"

[tools.communique."platforms.linux-x64-musl"]
checksum = "sha256:9967bcbd615e50e205ad222cc3408ffb50cd1c47b82dfb925d71f801a22c35cb"
url = "https://github.com/jdx/communique/releases/download/v1.4.0/communique-x86_64-unknown-linux-musl.tar.gz"
url_api = "https://api.github.com/repos/jdx/communique/releases/assets/558081428"
provenance = "github-attestations"
signer = "sigstore-oidc:https://github.com/jdx/communique/.github/workflows/release.yml"

[tools.communique."platforms.macos-arm64"]
checksum = "sha256:0d183c2f46544d09e3b89b9322ea6a8ed8435f9b6cb1a46e5db90155755554af"
url = "https://github.com/jdx/communique/releases/download/v1.4.0/communique-aarch64-apple-darwin.tar.gz"
url_api = "https://api.github.com/repos/jdx/communique/releases/assets/558082375"
provenance = "github-attestations"
provenance_verified = true
signer = "sigstore-oidc:https://github.com/jdx/communique/.github/workflows/release.yml"

[tools.communique."platforms.windows-x64"]
checksum = "sha256:b90740aa7bd9dd0a49b2003801141fd6721bdecd1324d2baf8d36e53389ad2db"
url = "https://github.com/jdx/communique/releases/download/v1.4.0/communique-x86_64-pc-windows-msvc.zip"
url_api = "https://api.github.com/repos/jdx/communique/releases/assets/558084652"
provenance = "github-attestations"
signer = "sigstore-oidc:https://github.com/jdx/communique/.github/workflows/release.yml"
