# @generated - this file is auto-generated by `mise lock` https://mise.en.dev/dev-tools/mise-lock.html

[[tools.cargo-binstall]]
version = "1.21.1"
backend = "aqua:cargo-bins/cargo-binstall"

[tools.cargo-binstall."platforms.linux-arm64"]
checksum = "sha256:1dc2979f3c83aade9a1b4344589d14fafa63459b759222528d11419f5cca9cc2"
url = "https://github.com/cargo-bins/cargo-binstall/releases/download/v1.21.1/cargo-binstall-aarch64-unknown-linux-musl.tgz"
url_api = "https://api.github.com/repos/cargo-bins/cargo-binstall/releases/assets/489425352"
provenance = "github-attestations"

[tools.cargo-binstall."platforms.linux-arm64-musl"]
checksum = "sha256:1dc2979f3c83aade9a1b4344589d14fafa63459b759222528d11419f5cca9cc2"
url = "https://github.com/cargo-bins/cargo-binstall/releases/download/v1.21.1/cargo-binstall-aarch64-unknown-linux-musl.tgz"
url_api = "https://api.github.com/repos/cargo-bins/cargo-binstall/releases/assets/489425352"
provenance = "github-attestations"

[tools.cargo-binstall."platforms.linux-x64"]
checksum = "sha256:630c8f8803a686aa6779497f0f0fb51d49822fb5fc3c514d8ced33b34e338e6e"
url = "https://github.com/cargo-bins/cargo-binstall/releases/download/v1.21.1/cargo-binstall-x86_64-unknown-linux-musl.tgz"
url_api = "https://api.github.com/repos/cargo-bins/cargo-binstall/releases/assets/489425174"
provenance = "github-attestations"

[tools.cargo-binstall."platforms.linux-x64-musl"]
checksum = "sha256:630c8f8803a686aa6779497f0f0fb51d49822fb5fc3c514d8ced33b34e338e6e"
url = "https://github.com/cargo-bins/cargo-binstall/releases/download/v1.21.1/cargo-binstall-x86_64-unknown-linux-musl.tgz"
url_api = "https://api.github.com/repos/cargo-bins/cargo-binstall/releases/assets/489425174"
provenance = "github-attestations"

[tools.cargo-binstall."platforms.macos-arm64"]
checksum = "sha256:bd03935f1a6d652647f6d42a2cd39396a55094ffddc65bed0debebfe32feea43"
url = "https://github.com/cargo-bins/cargo-binstall/releases/download/v1.21.1/cargo-binstall-aarch64-apple-darwin.zip"
url_api = "https://api.github.com/repos/cargo-bins/cargo-binstall/releases/assets/489425460"
provenance = "github-attestations"

[tools.cargo-binstall."platforms.windows-x64"]
checksum = "sha256:27aee4e73cd8b1d479730cb9cdbd89b1114453a135689d4ee1a7e7f913f0ffe1"
url = "https://github.com/cargo-bins/cargo-binstall/releases/download/v1.21.1/cargo-binstall-x86_64-pc-windows-msvc.zip"
url_api = "https://api.github.com/repos/cargo-bins/cargo-binstall/releases/assets/489425215"
provenance = "github-attestations"

[[tools."cargo:cargo-msrv"]]
version = "0.19.3"
backend = "cargo:cargo-msrv"

[[tools.communique]]
version = "1.3.0"
backend = "github:jdx/communique"

[tools.communique."platforms.linux-arm64"]
checksum = "sha256:0a34889b583190461f2c495500c984a43cdc2428705662dc0cf75ef6c650b1b2"
url = "https://github.com/jdx/communique/releases/download/v1.3.0/communique-aarch64-unknown-linux-gnu.tar.gz"
url_api = "https://api.github.com/repos/jdx/communique/releases/assets/498809417"
provenance = "github-attestations"

[tools.communique."platforms.linux-arm64-musl"]
checksum = "sha256:8961a827827fdf171e798dcfbb45d041dbfecd20d337c3535e23c09caccb4e19"
url = "https://github.com/jdx/communique/releases/download/v1.3.0/communique-aarch64-unknown-linux-musl.tar.gz"
url_api = "https://api.github.com/repos/jdx/communique/releases/assets/498809339"
provenance = "github-attestations"

[tools.communique."platforms.linux-x64"]
checksum = "sha256:c207d60ecc5be9348946b2b4063b7772910a5f29554a0a802ebb4ce51820a955"
url = "https://github.com/jdx/communique/releases/download/v1.3.0/communique-x86_64-unknown-linux-gnu.tar.gz"
url_api = "https://api.github.com/repos/jdx/communique/releases/assets/498809193"
provenance = "github-attestations"
provenance_verified = true

[tools.communique."platforms.linux-x64-musl"]
checksum = "sha256:56de2eae36f4d98bcf1742624220feb3e2c00efee6a30ff5a65f973563e01a59"
url = "https://github.com/jdx/communique/releases/download/v1.3.0/communique-x86_64-unknown-linux-musl.tar.gz"
url_api = "https://api.github.com/repos/jdx/communique/releases/assets/498809217"
provenance = "github-attestations"

[tools.communique."platforms.macos-arm64"]
checksum = "sha256:588d7be1c70fd271020a9bebdb1ea4294ddae11eae2916cfbe352a99f2d8ec5c"
url = "https://github.com/jdx/communique/releases/download/v1.3.0/communique-aarch64-apple-darwin.tar.gz"
url_api = "https://api.github.com/repos/jdx/communique/releases/assets/498809386"
provenance = "github-attestations"

[tools.communique."platforms.windows-x64"]
checksum = "sha256:0f313bb5a80d7201c78606bf0cf9ed5003a7009c37af0a2710a551e20fed912c"
url = "https://github.com/jdx/communique/releases/download/v1.3.0/communique-x86_64-pc-windows-msvc.zip"
url_api = "https://api.github.com/repos/jdx/communique/releases/assets/498810824"
provenance = "github-attestations"
