# @generated - this file is auto-generated by `mise lock` https://mise.en.dev/dev-tools/mise-lock.html

[[tools.cargo-binstall]]
version = "1.22.0"
backend = "aqua:cargo-bins/cargo-binstall"

[tools.cargo-binstall."platforms.linux-arm64"]
checksum = "sha256:49955636054132dd934f5ea1d2b09e41752c29e51de118267d1c08757916d48c"
url = "https://github.com/cargo-bins/cargo-binstall/releases/download/v1.22.0/cargo-binstall-aarch64-unknown-linux-gnu.tgz"
url_api = "https://api.github.com/repos/cargo-bins/cargo-binstall/releases/assets/525164698"
provenance = "github-attestations"

[tools.cargo-binstall."platforms.linux-arm64-musl"]
checksum = "sha256:2fdf0ad20ffc7c7f94f32c19566f417d227484ff0335664d5df429e459d1354b"
url = "https://github.com/cargo-bins/cargo-binstall/releases/download/v1.22.0/cargo-binstall-aarch64-unknown-linux-musl.tgz"
url_api = "https://api.github.com/repos/cargo-bins/cargo-binstall/releases/assets/525164643"
provenance = "github-attestations"

[tools.cargo-binstall."platforms.linux-x64"]
checksum = "sha256:4a2621d4b8cb2a1c2433aab2746597b3a10138c33106a303600ebbe76a0e5930"
url = "https://github.com/cargo-bins/cargo-binstall/releases/download/v1.22.0/cargo-binstall-x86_64-unknown-linux-gnu.tgz"
url_api = "https://api.github.com/repos/cargo-bins/cargo-binstall/releases/assets/525164401"
provenance = "github-attestations"

[tools.cargo-binstall."platforms.linux-x64-musl"]
checksum = "sha256:df2921254924066627685ee09f6c8b9acd7acef68a338668f879d2b033c09458"
url = "https://github.com/cargo-bins/cargo-binstall/releases/download/v1.22.0/cargo-binstall-x86_64-unknown-linux-musl.tgz"
url_api = "https://api.github.com/repos/cargo-bins/cargo-binstall/releases/assets/525164368"
provenance = "github-attestations"

[tools.cargo-binstall."platforms.macos-arm64"]
checksum = "sha256:c364fd10e494b4fc0cc88a89995446364379a914930f0b0182b1151ad27690a1"
url = "https://github.com/cargo-bins/cargo-binstall/releases/download/v1.22.0/cargo-binstall-aarch64-apple-darwin.zip"
url_api = "https://api.github.com/repos/cargo-bins/cargo-binstall/releases/assets/525164803"
provenance = "github-attestations"

[tools.cargo-binstall."platforms.windows-x64"]
checksum = "sha256:0950f5a9f3422f74dea181d11f8b4d4447d1e9d1a9fdadcb72ff5b0b63c95207"
url = "https://github.com/cargo-bins/cargo-binstall/releases/download/v1.22.0/cargo-binstall-x86_64-pc-windows-msvc.zip"
url_api = "https://api.github.com/repos/cargo-bins/cargo-binstall/releases/assets/525164447"
provenance = "github-attestations"

[[tools."cargo:cargo-msrv"]]
version = "0.19.3"
backend = "cargo:cargo-msrv"

[[tools.communique]]
version = "1.3.2"
backend = "github:jdx/communique"

[tools.communique."platforms.linux-arm64"]
checksum = "sha256:02eb34a853e85410cb191534dd9f6324aa91ab1796e7a217c8e052c85373061a"
url = "https://github.com/jdx/communique/releases/download/v1.3.2/communique-aarch64-unknown-linux-gnu.tar.gz"
url_api = "https://api.github.com/repos/jdx/communique/releases/assets/525626337"
provenance = "github-attestations"

[tools.communique."platforms.linux-arm64-musl"]
checksum = "sha256:49ac501d845a6e3e3ba094d436f1417c7245914103c574fd2c6d46e9c39e2238"
url = "https://github.com/jdx/communique/releases/download/v1.3.2/communique-aarch64-unknown-linux-musl.tar.gz"
url_api = "https://api.github.com/repos/jdx/communique/releases/assets/525618951"
provenance = "github-attestations"

[tools.communique."platforms.linux-x64"]
checksum = "sha256:be280e35a22ff787dd6cc596d36f3ecf7a3ff3f16efdfb284154e8977895573b"
url = "https://github.com/jdx/communique/releases/download/v1.3.2/communique-x86_64-unknown-linux-gnu.tar.gz"
url_api = "https://api.github.com/repos/jdx/communique/releases/assets/525619184"
provenance = "github-attestations"
provenance_verified = true

[tools.communique."platforms.linux-x64-musl"]
checksum = "sha256:8eebec71e8a57b04793fa85bbb798f48e1b50bda12813e3c8db857eaa1f4bca9"
url = "https://github.com/jdx/communique/releases/download/v1.3.2/communique-x86_64-unknown-linux-musl.tar.gz"
url_api = "https://api.github.com/repos/jdx/communique/releases/assets/525621690"
provenance = "github-attestations"

[tools.communique."platforms.macos-arm64"]
checksum = "sha256:c5eca847e9d1b4c8c8cb5633ffbbbf8e8659b86cf3e43083c0f6304db5137e86"
url = "https://github.com/jdx/communique/releases/download/v1.3.2/communique-aarch64-apple-darwin.tar.gz"
url_api = "https://api.github.com/repos/jdx/communique/releases/assets/525622989"
provenance = "github-attestations"

[tools.communique."platforms.windows-x64"]
checksum = "sha256:82dad4450baf31869005287fa87c74b3513d2d16aae6996bfb3cd9cd40dcfffc"
url = "https://github.com/jdx/communique/releases/download/v1.3.2/communique-x86_64-pc-windows-msvc.zip"
url_api = "https://api.github.com/repos/jdx/communique/releases/assets/525619633"
provenance = "github-attestations"
